
Microsoft Visual Studio Solution File, Format Version 12.00
# Visual Studio 14
VisualStudioVersion = 14.0.25420.1
MinimumVisualStudioVersion = 10.0.40219.1
Project("{2150E333-8FDC-42A3-9474-1A3956D46DE8}") = "Solution Items", "Solution Items", "{B78D6403-F708-4A7F-899F-A0DF80E2F9D4}"
	ProjectSection(SolutionItems) = preProject
		info.txt = info.txt
	EndProjectSection
EndProject
Project("{FAE04EC0-301F-11D3-BF4B-00C04F79EFBC}") = "HttpClientTests", "HttpClientTests\HttpClientTests.csproj", "{5827D1E1-29A2-4E13-A097-BB3B5CC21608}"
EndProject
Project("{FAE04EC0-301F-11D3-BF4B-00C04F79EFBC}") = "HttpServer", "HttpServer\HttpServer.csproj", "{D209BCC9-CCCB-444F-9220-83CADEE32E05}"
EndProject
Global
	GlobalSection(SolutionConfigurationPlatforms) = preSolution
		Debug|Any CPU = Debug|Any CPU
		Release|Any CPU = Release|Any CPU
	EndGlobalSection
	GlobalSection(ProjectConfigurationPlatforms) = postSolution
		{5827D1E1-29A2-4E13-A097-BB3B5CC21608}.Debug|Any CPU.ActiveCfg = Debug|Any CPU
		{5827D1E1-29A2-4E13-A097-BB3B5CC21608}.Debug|Any CPU.Build.0 = Debug|Any CPU
		{5827D1E1-29A2-4E13-A097-BB3B5CC21608}.Release|Any CPU.ActiveCfg = Release|Any CPU
		{5827D1E1-29A2-4E13-A097-BB3B5CC21608}.Release|Any CPU.Build.0 = Release|Any CPU
		{D209BCC9-CCCB-444F-9220-83CADEE32E05}.Debug|Any CPU.ActiveCfg = Debug|Any CPU
		{D209BCC9-CCCB-444F-9220-83CADEE32E05}.Debug|Any CPU.Build.0 = Debug|Any CPU
		{D209BCC9-CCCB-444F-9220-83CADEE32E05}.Release|Any CPU.ActiveCfg = Release|Any CPU
		{D209BCC9-CCCB-444F-9220-83CADEE32E05}.Release|Any CPU.Build.0 = Release|Any CPU
	EndGlobalSection
	GlobalSection(SolutionProperties) = preSolution
		HideSolutionNode = FALSE
	EndGlobalSection
EndGlobal
